# THIS IS AN AUTOGENERATED FILE. DO NOT EDIT THIS FILE DIRECTLY.
# yarn lockfile v1


urs@^0.0.7:
  version "0.0.7"
  resolved "https://registry.yarnpkg.com/urs/-/urs-0.0.7.tgz#2dbf320a68a54bbd67ab9c5ac103b0f2227ca6be"
  integrity sha512-NDwuby5BP7D60RjHlow8Gch4yfglLdCpZagGeVDZNcL+jsA2v6RcBhPTJraqq1oQ1U3LT1bQfgmwgNUUIFht+g==

use-http@^1.0.13:
  version "1.0.13"
  resolved "https://registry.yarnpkg.com/use-http/-/use-http-1.0.13.tgz#bc8abb06b7debab6a11c14bf81a1762fed783ee0"
  integrity sha512-H1pR9DeqDBSbbmssQWc5bXP1wCvKbg0T6B2lIJjZxKc54jcerKTUwLAnT48sxrSEkQiUgdCb1aRqfOCWIkRJ0A==
  dependencies:
    urs "^0.0.7"
    use-ssr "^1.0.22"
    utility-types "^3.10.0"

use-ssr@^1.0.22:
  version "1.0.23"
  resolved "https://registry.yarnpkg.com/use-ssr/-/use-ssr-1.0.23.tgz#3bde1e10cd01b3b61ab6386d7cddb72e74828bf8"
  integrity sha512-5bvlssgROgPgIrnILJe2mJch4e2Id0/bVm1SQzqvPvEAXmlsinCCVHWK3a2iHcPat7PkdJHBo0gmSmODIz6tNA==

utility-types@^3.10.0:
  version "3.10.0"
  resolved "https://registry.yarnpkg.com/utility-types/-/utility-types-3.10.0.tgz#ea4148f9a741015f05ed74fd615e1d20e6bed82b"
  integrity sha512-O11mqxmi7wMKCo6HKFt5AhO4BwY3VV68YU07tgxfz8zJTIxr4BpsezN49Ffwy9j3ZpwwJp4fkRwjRzq3uWE6Rg==
